
Microsoft Visual Studio Solution File, Format Version 12.00
# Visual Studio Version 16
VisualStudioVersion = 16.0.32106.194
MinimumVisualStudioVersion = 10.0.40219.1
Project("{FAE04EC0-301F-11D3-BF4B-00C04F79EFBC}") = "AprendendoAPI", "AprendendoAPI\AprendendoAPI.csproj", "{D588FCC9-AE4E-4320-B244-4F30F02F1460}"
EndProject
Global
	GlobalSection(SolutionConfigurationPlatforms) = preSolution
		Debug|Any CPU = Debug|Any CPU
		Release|Any CPU = Release|Any CPU
	EndGlobalSection
	GlobalSection(ProjectConfigurationPlatforms) = postSolution
		{D588FCC9-AE4E-4320-B244-4F30F02F1460}.Debug|Any CPU.ActiveCfg = Debug|Any CPU
		{D588FCC9-AE4E-4320-B244-4F30F02F1460}.Debug|Any CPU.Build.0 = Debug|Any CPU
		{D588FCC9-AE4E-4320-B244-4F30F02F1460}.Release|Any CPU.ActiveCfg = Release|Any CPU
		{D588FCC9-AE4E-4320-B244-4F30F02F1460}.Release|Any CPU.Build.0 = Release|Any CPU
	EndGlobalSection
	GlobalSection(SolutionProperties) = preSolution
		HideSolutionNode = FALSE
	EndGlobalSection
	GlobalSection(ExtensibilityGlobals) = postSolution
		SolutionGuid = {CE14334B-B793-4BEE-9391-A7EC23C74D18}
	EndGlobalSection
EndGlobal
